
Microsoft Visual Studio Solution File, Format Version 12.00
# Visual Studio 15
VisualStudioVersion = 15.0.27703.2018
MinimumVisualStudioVersion = 10.0.40219.1
Project("{FAE04EC0-301F-11D3-BF4B-00C04F79EFBC}") = "02.CatShirt", "02.CatShirt\02.CatShirt.csproj", "{160E735D-BBBF-4618-ADBD-1F9CA0073164}"
EndProject
Project("{FAE04EC0-301F-11D3-BF4B-00C04F79EFBC}") = "03.CatTrainingAttendance", "03.CatTrainingAttendance\03.CatTrainingAttendance.csproj", "{3D845584-1527-418A-9D26-03DCAFF98BE8}"
EndProject
Project("{FAE04EC0-301F-11D3-BF4B-00C04F79EFBC}") = "04.CatFood", "04.CatFood\04.CatFood.csproj", "{E93ADBA3-6447-46FD-97FD-AD4C218E7CF5}"
EndProject
Project("{FAE04EC0-301F-11D3-BF4B-00C04F79EFBC}") = "05.CatWatch", "05.CatWatch\05.CatWatch.csproj", "{0E4129EA-8A52-4E0E-A47A-FB88EE923272}"
EndProject
Project("{FAE04EC0-301F-11D3-BF4B-00C04F79EFBC}") = "06.HappyCatParking", "06.HappyCatParking\06.HappyCatParking.csproj", "{678D05E4-CCE2-45FA-9262-09F390A46E06}"
EndProject
Project("{FAE04EC0-301F-11D3-BF4B-00C04F79EFBC}") = "01.CatDiet", "01.CatDiet\01.CatDiet.csproj", "{8A2A14B0-B06B-47FB-AD18-0B53E3D2A5BF}"
EndProject
Global
	GlobalSection(SolutionConfigurationPlatforms) = preSolution
		Debug|Any CPU = Debug|Any CPU
		Release|Any CPU = Release|Any CPU
	EndGlobalSection
	GlobalSection(ProjectConfigurationPlatforms) = postSolution
		{160E735D-BBBF-4618-ADBD-1F9CA0073164}.Debug|Any CPU.ActiveCfg = Debug|Any CPU
		{160E735D-BBBF-4618-ADBD-1F9CA0073164}.Debug|Any CPU.Build.0 = Debug|Any CPU
		{160E735D-BBBF-4618-ADBD-1F9CA0073164}.Release|Any CPU.ActiveCfg = Release|Any CPU
		{160E735D-BBBF-4618-ADBD-1F9CA0073164}.Release|Any CPU.Build.0 = Release|Any CPU
		{3D845584-1527-418A-9D26-03DCAFF98BE8}.Debug|Any CPU.ActiveCfg = Debug|Any CPU
		{3D845584-1527-418A-9D26-03DCAFF98BE8}.Debug|Any CPU.Build.0 = Debug|Any CPU
		{3D845584-1527-418A-9D26-03DCAFF98BE8}.Release|Any CPU.ActiveCfg = Release|Any CPU
		{3D845584-1527-418A-9D26-03DCAFF98BE8}.Release|Any CPU.Build.0 = Release|Any CPU
		{E93ADBA3-6447-46FD-97FD-AD4C218E7CF5}.Debug|Any CPU.ActiveCfg = Debug|Any CPU
		{E93ADBA3-6447-46FD-97FD-AD4C218E7CF5}.Debug|Any CPU.Build.0 = Debug|Any CPU
		{E93ADBA3-6447-46FD-97FD-AD4C218E7CF5}.Release|Any CPU.ActiveCfg = Release|Any CPU
		{E93ADBA3-6447-46FD-97FD-AD4C218E7CF5}.Release|Any CPU.Build.0 = Release|Any CPU
		{0E4129EA-8A52-4E0E-A47A-FB88EE923272}.Debug|Any CPU.ActiveCfg = Debug|Any CPU
		{0E4129EA-8A52-4E0E-A47A-FB88EE923272}.Debug|Any CPU.Build.0 = Debug|Any CPU
		{0E4129EA-8A52-4E0E-A47A-FB88EE923272}.Release|Any CPU.ActiveCfg = Release|Any CPU
		{0E4129EA-8A52-4E0E-A47A-FB88EE923272}.Release|Any CPU.Build.0 = Release|Any CPU
		{678D05E4-CCE2-45FA-9262-09F390A46E06}.Debug|Any CPU.ActiveCfg = Debug|Any CPU
		{678D05E4-CCE2-45FA-9262-09F390A46E06}.Debug|Any CPU.Build.0 = Debug|Any CPU
		{678D05E4-CCE2-45FA-9262-09F390A46E06}.Release|Any CPU.ActiveCfg = Release|Any CPU
		{678D05E4-CCE2-45FA-9262-09F390A46E06}.Release|Any CPU.Build.0 = Release|Any CPU
		{8A2A14B0-B06B-47FB-AD18-0B53E3D2A5BF}.Debug|Any CPU.ActiveCfg = Debug|Any CPU
		{8A2A14B0-B06B-47FB-AD18-0B53E3D2A5BF}.Debug|Any CPU.Build.0 = Debug|Any CPU
		{8A2A14B0-B06B-47FB-AD18-0B53E3D2A5BF}.Release|Any CPU.ActiveCfg = Release|Any CPU
		{8A2A14B0-B06B-47FB-AD18-0B53E3D2A5BF}.Release|Any CPU.Build.0 = Release|Any CPU
	EndGlobalSection
	GlobalSection(SolutionProperties) = preSolution
		HideSolutionNode = FALSE
	EndGlobalSection
	GlobalSection(ExtensibilityGlobals) = postSolution
		SolutionGuid = {35B37C81-6822-45B9-9788-B038B90BCAA0}
	EndGlobalSection
EndGlobal
