
Microsoft Visual Studio Solution File, Format Version 12.00
# Visual Studio 15
VisualStudioVersion = 15.0.27703.2018
MinimumVisualStudioVersion = 10.0.40219.1
Project("{FAE04EC0-301F-11D3-BF4B-00C04F79EFBC}") = "02.NumbersNToOne", "02.NumbersNToOne\02.NumbersNToOne.csproj", "{F2CE2B6C-6050-46AC-A5CB-8D46D225191F}"
EndProject
Project("{FAE04EC0-301F-11D3-BF4B-00C04F79EFBC}") = "01.NumbersOneToNWithStep3", "01.NumbersOneToNWithStep3\01.NumbersOneToNWithStep3.csproj", "{79CD0731-52CC-457C-9C85-1AE2DD13A991}"
EndProject
Project("{FAE04EC0-301F-11D3-BF4B-00C04F79EFBC}") = "03.PowersOfTwo", "03.PowersOfTwo\03.PowersOfTwo.csproj", "{E18DB7F3-0A1B-4EEC-8E0B-800A27624C02}"
EndProject
Project("{FAE04EC0-301F-11D3-BF4B-00C04F79EFBC}") = "04.EvenPowersOf2", "04.EvenPowersOf2\04.EvenPowersOf2.csproj", "{9DA52347-0574-4FDD-A166-58F53330E193}"
EndProject
Project("{FAE04EC0-301F-11D3-BF4B-00C04F79EFBC}") = "05.Sequence2kPlus1", "05.Sequence2kPlus1\05.Sequence2kPlus1.csproj", "{9697C31E-D14D-4F5F-B106-9AEC9C439CCB}"
EndProject
Project("{FAE04EC0-301F-11D3-BF4B-00C04F79EFBC}") = "06.NumberInRange1To100", "06.NumberInRange1To100\06.NumberInRange1To100.csproj", "{9450687D-4EE7-410C-974D-AED72939E51B}"
EndProject
Project("{FAE04EC0-301F-11D3-BF4B-00C04F79EFBC}") = "07.GreatestCommonDivisor", "07.GreatestCommonDivisor\07.GreatestCommonDivisor.csproj", "{7D8F4EA1-C98E-49CD-80F3-CE1B9B9D8D1F}"
EndProject
Global
	GlobalSection(SolutionConfigurationPlatforms) = preSolution
		Debug|Any CPU = Debug|Any CPU
		Release|Any CPU = Release|Any CPU
	EndGlobalSection
	GlobalSection(ProjectConfigurationPlatforms) = postSolution
		{F2CE2B6C-6050-46AC-A5CB-8D46D225191F}.Debug|Any CPU.ActiveCfg = Debug|Any CPU
		{F2CE2B6C-6050-46AC-A5CB-8D46D225191F}.Debug|Any CPU.Build.0 = Debug|Any CPU
		{F2CE2B6C-6050-46AC-A5CB-8D46D225191F}.Release|Any CPU.ActiveCfg = Release|Any CPU
		{F2CE2B6C-6050-46AC-A5CB-8D46D225191F}.Release|Any CPU.Build.0 = Release|Any CPU
		{79CD0731-52CC-457C-9C85-1AE2DD13A991}.Debug|Any CPU.ActiveCfg = Debug|Any CPU
		{79CD0731-52CC-457C-9C85-1AE2DD13A991}.Debug|Any CPU.Build.0 = Debug|Any CPU
		{79CD0731-52CC-457C-9C85-1AE2DD13A991}.Release|Any CPU.ActiveCfg = Release|Any CPU
		{79CD0731-52CC-457C-9C85-1AE2DD13A991}.Release|Any CPU.Build.0 = Release|Any CPU
		{E18DB7F3-0A1B-4EEC-8E0B-800A27624C02}.Debug|Any CPU.ActiveCfg = Debug|Any CPU
		{E18DB7F3-0A1B-4EEC-8E0B-800A27624C02}.Debug|Any CPU.Build.0 = Debug|Any CPU
		{E18DB7F3-0A1B-4EEC-8E0B-800A27624C02}.Release|Any CPU.ActiveCfg = Release|Any CPU
		{E18DB7F3-0A1B-4EEC-8E0B-800A27624C02}.Release|Any CPU.Build.0 = Release|Any CPU
		{9DA52347-0574-4FDD-A166-58F53330E193}.Debug|Any CPU.ActiveCfg = Debug|Any CPU
		{9DA52347-0574-4FDD-A166-58F53330E193}.Debug|Any CPU.Build.0 = Debug|Any CPU
		{9DA52347-0574-4FDD-A166-58F53330E193}.Release|Any CPU.ActiveCfg = Release|Any CPU
		{9DA52347-0574-4FDD-A166-58F53330E193}.Release|Any CPU.Build.0 = Release|Any CPU
		{9697C31E-D14D-4F5F-B106-9AEC9C439CCB}.Debug|Any CPU.ActiveCfg = Debug|Any CPU
		{9697C31E-D14D-4F5F-B106-9AEC9C439CCB}.Debug|Any CPU.Build.0 = Debug|Any CPU
		{9697C31E-D14D-4F5F-B106-9AEC9C439CCB}.Release|Any CPU.ActiveCfg = Release|Any CPU
		{9697C31E-D14D-4F5F-B106-9AEC9C439CCB}.Release|Any CPU.Build.0 = Release|Any CPU
		{9450687D-4EE7-410C-974D-AED72939E51B}.Debug|Any CPU.ActiveCfg = Debug|Any CPU
		{9450687D-4EE7-410C-974D-AED72939E51B}.Debug|Any CPU.Build.0 = Debug|Any CPU
		{9450687D-4EE7-410C-974D-AED72939E51B}.Release|Any CPU.ActiveCfg = Release|Any CPU
		{9450687D-4EE7-410C-974D-AED72939E51B}.Release|Any CPU.Build.0 = Release|Any CPU
		{7D8F4EA1-C98E-49CD-80F3-CE1B9B9D8D1F}.Debug|Any CPU.ActiveCfg = Debug|Any CPU
		{7D8F4EA1-C98E-49CD-80F3-CE1B9B9D8D1F}.Debug|Any CPU.Build.0 = Debug|Any CPU
		{7D8F4EA1-C98E-49CD-80F3-CE1B9B9D8D1F}.Release|Any CPU.ActiveCfg = Release|Any CPU
		{7D8F4EA1-C98E-49CD-80F3-CE1B9B9D8D1F}.Release|Any CPU.Build.0 = Release|Any CPU
	EndGlobalSection
	GlobalSection(SolutionProperties) = preSolution
		HideSolutionNode = FALSE
	EndGlobalSection
	GlobalSection(ExtensibilityGlobals) = postSolution
		SolutionGuid = {67AB1159-B8C2-4CBC-87F4-B93AAEC8D7C9}
	EndGlobalSection
EndGlobal
